
Microsoft Visual Studio Solution File, Format Version 12.00
# Visual Studio 15
VisualStudioVersion = 15.0.28307.421
MinimumVisualStudioVersion = 10.0.40219.1
Project("{FAE04EC0-301F-11D3-BF4B-00C04F79EFBC}") = "FTC-TeamMatchGenerator", "FTC-TeamMatchGenerator\FTC-TeamMatchGenerator.csproj", "{E7AA4F0F-2B34-4EA7-8B3F-390EAF03AB99}"
EndProject
Global
	GlobalSection(SolutionConfigurationPlatforms) = preSolution
		Debug|Any CPU = Debug|Any CPU
		Release|Any CPU = Release|Any CPU
	EndGlobalSection
	GlobalSection(ProjectConfigurationPlatforms) = postSolution
		{E7AA4F0F-2B34-4EA7-8B3F-390EAF03AB99}.Debug|Any CPU.ActiveCfg = Debug|Any CPU
		{E7AA4F0F-2B34-4EA7-8B3F-390EAF03AB99}.Debug|Any CPU.Build.0 = Debug|Any CPU
		{E7AA4F0F-2B34-4EA7-8B3F-390EAF03AB99}.Release|Any CPU.ActiveCfg = Release|Any CPU
		{E7AA4F0F-2B34-4EA7-8B3F-390EAF03AB99}.Release|Any CPU.Build.0 = Release|Any CPU
	EndGlobalSection
	GlobalSection(SolutionProperties) = preSolution
		HideSolutionNode = FALSE
	EndGlobalSection
	GlobalSection(ExtensibilityGlobals) = postSolution
		SolutionGuid = {12847F4B-EDB7-4799-8839-374099B0D469}
	EndGlobalSection
EndGlobal
